
Microsoft Visual Studio Solution File, Format Version 12.00
# Visual Studio Version 16
VisualStudioVersion = 16.0.28803.452
MinimumVisualStudioVersion = 10.0.40219.1
Project("{F184B08F-C81C-45F6-A57F-5ABD9991F28F}") = "Proyecto Sistema Bolpa", "Proyecto Sistema Bolpa\Proyecto Sistema Bolpa.vbproj", "{399E3B57-BA75-4AA8-A4E3-37B5C9AA84AD}"
EndProject
Global
	GlobalSection(SolutionConfigurationPlatforms) = preSolution
		Debug|Any CPU = Debug|Any CPU
		Release|Any CPU = Release|Any CPU
	EndGlobalSection
	GlobalSection(ProjectConfigurationPlatforms) = postSolution
		{399E3B57-BA75-4AA8-A4E3-37B5C9AA84AD}.Debug|Any CPU.ActiveCfg = Debug|Any CPU
		{399E3B57-BA75-4AA8-A4E3-37B5C9AA84AD}.Debug|Any CPU.Build.0 = Debug|Any CPU
		{399E3B57-BA75-4AA8-A4E3-37B5C9AA84AD}.Release|Any CPU.ActiveCfg = Release|Any CPU
		{399E3B57-BA75-4AA8-A4E3-37B5C9AA84AD}.Release|Any CPU.Build.0 = Release|Any CPU
	EndGlobalSection
	GlobalSection(SolutionProperties) = preSolution
		HideSolutionNode = FALSE
	EndGlobalSection
	GlobalSection(ExtensibilityGlobals) = postSolution
		SolutionGuid = {D0BD1C06-8AB7-4C6F-961C-56FA23975870}
	EndGlobalSection
EndGlobal
